
Microsoft Visual Studio Solution File, Format Version 12.00
# Visual Studio Version 16
VisualStudioVersion = 16.0.30804.86
MinimumVisualStudioVersion = 10.0.40219.1
Project("{888888A0-9F3D-457C-B088-3A5042F75D52}") = "Dia", "Dia\Dia.pyproj", "{49FD18AD-AC18-45FD-993B-0CA8AABBEF41}"
EndProject
Global
	GlobalSection(SolutionConfigurationPlatforms) = preSolution
		Debug|Any CPU = Debug|Any CPU
		Release|Any CPU = Release|Any CPU
	EndGlobalSection
	GlobalSection(ProjectConfigurationPlatforms) = postSolution
		{49FD18AD-AC18-45FD-993B-0CA8AABBEF41}.Debug|Any CPU.ActiveCfg = Debug|Any CPU
		{49FD18AD-AC18-45FD-993B-0CA8AABBEF41}.Release|Any CPU.ActiveCfg = Release|Any CPU
	EndGlobalSection
	GlobalSection(SolutionProperties) = preSolution
		HideSolutionNode = FALSE
	EndGlobalSection
	GlobalSection(ExtensibilityGlobals) = postSolution
		SolutionGuid = {BEFC3FAD-C387-4D03-9850-A9F017730D59}
	EndGlobalSection
EndGlobal
